
Microsoft Visual Studio Solution File, Format Version 12.00
# Visual Studio Version 16
VisualStudioVersion = 16.0.29519.87
MinimumVisualStudioVersion = 10.0.40219.1
Project("{9A19103F-16F7-4668-BE54-9A1E7A4F7556}") = "BehaviouralPatterns", "ProjectOne\BehaviouralPatterns.csproj", "{EAA150F3-4204-4758-A53B-735B2E8234D6}"
EndProject
Global
	GlobalSection(SolutionConfigurationPlatforms) = preSolution
		Debug|Any CPU = Debug|Any CPU
		Release|Any CPU = Release|Any CPU
	EndGlobalSection
	GlobalSection(ProjectConfigurationPlatforms) = postSolution
		{EAA150F3-4204-4758-A53B-735B2E8234D6}.Debug|Any CPU.ActiveCfg = Debug|Any CPU
		{EAA150F3-4204-4758-A53B-735B2E8234D6}.Debug|Any CPU.Build.0 = Debug|Any CPU
		{EAA150F3-4204-4758-A53B-735B2E8234D6}.Release|Any CPU.ActiveCfg = Release|Any CPU
		{EAA150F3-4204-4758-A53B-735B2E8234D6}.Release|Any CPU.Build.0 = Release|Any CPU
	EndGlobalSection
	GlobalSection(SolutionProperties) = preSolution
		HideSolutionNode = FALSE
	EndGlobalSection
	GlobalSection(ExtensibilityGlobals) = postSolution
		SolutionGuid = {11CE21B2-1FD3-47E8-9C9D-C68D44EB15A5}
	EndGlobalSection
EndGlobal
